<?xml version="1.0" encoding="utf-8"?>
<Project ToolsVersion="4.0" xmlns="http://schemas.microsoft.com/developer/msbuild/2003">
  <ItemGroup>
    <Filter Include="源文件">
      <UniqueIdentifier>{4FC737F1-C7A5-4376-A066-2A32D752A2FF}</UniqueIdentifier>
      <Extensions>cpp;c;cc;cxx;def;odl;idl;hpj;bat;asm;asmx</Extensions>
    </Filter>
    <Filter Include="头文件">
      <UniqueIdentifier>{93995380-89BD-4b04-88EB-625FBE52EBFB}</UniqueIdentifier>
      <Extensions>h;hh;hpp;hxx;hm;inl;inc;xsd</Extensions>
    </Filter>
    <Filter Include="资源文件">
      <UniqueIdentifier>{67DA6AB6-F800-4c08-8B7A-83BB121AAD01}</UniqueIdentifier>
      <Extensions>rc;ico;cur;bmp;dlg;rc2;rct;bin;rgs;gif;jpg;jpeg;jpe;resx;tiff;tif;png;wav;mfcribbon-ms</Extensions>
    </Filter>
    <Filter Include="源文件\functionality">
      <UniqueIdentifier>{f251fab0-8a64-49ce-8569-d7cae3ebd686}</UniqueIdentifier>
    </Filter>
    <Filter Include="源文件\util">
      <UniqueIdentifier>{77f1499a-383c-4a4c-9982-f54d824db471}</UniqueIdentifier>
    </Filter>
    <Filter Include="源文件\functionality\rage">
      <UniqueIdentifier>{1aa32d51-98a5-477e-9633-1dd200f0d487}</UniqueIdentifier>
    </Filter>
    <Filter Include="源文件\functionality\basic">
      <UniqueIdentifier>{f58b19ff-f315-466c-9f17-f62d1c7d5ad8}</UniqueIdentifier>
    </Filter>
    <Filter Include="源文件\functionality\ub_memo_view">
      <UniqueIdentifier>{931939f8-e097-498a-b6d6-481471d6a42f}</UniqueIdentifier>
    </Filter>
  </ItemGroup>
  <ItemGroup>
    <ClCompile Include="src\appmain.cpp">
      <Filter>源文件</Filter>
    </ClCompile>
    <ClCompile Include="src\main.cpp">
      <Filter>源文件</Filter>
    </ClCompile>
    <ClCompile Include="Robot_Beryl_fun.cpp">
      <Filter>源文件</Filter>
    </ClCompile>
    <ClCompile Include="Robot_Beryl_main.cpp">
      <Filter>源文件</Filter>
    </ClCompile>
    <ClCompile Include="util\GroupQQ_act_count.cpp">
      <Filter>源文件\util</Filter>
    </ClCompile>
    <ClCompile Include="util\util.cpp">
      <Filter>源文件\util</Filter>
    </ClCompile>
    <ClCompile Include="functionality\rage_whole.cpp">
      <Filter>源文件\functionality\rage</Filter>
    </ClCompile>
    <ClCompile Include="functionality\feedback.cpp">
      <Filter>源文件\functionality\basic</Filter>
    </ClCompile>
    <ClCompile Include="functionality\only_being_at.cpp">
      <Filter>源文件\functionality\basic</Filter>
    </ClCompile>
    <ClCompile Include="functionality\Admin_cmd.cpp">
      <Filter>源文件\functionality</Filter>
    </ClCompile>
    <ClCompile Include="functionality\ub_memo_view\store_memo.cpp">
      <Filter>源文件\functionality\ub_memo_view</Filter>
    </ClCompile>
    <ClCompile Include="functionality\ub_memo_view\search_song_whole.cpp">
      <Filter>源文件\functionality\ub_memo_view</Filter>
    </ClCompile>
    <ClCompile Include="functionality\basic\random_fortunes.cpp">
      <Filter>源文件\functionality\basic</Filter>
    </ClCompile>
    <ClCompile Include="functionality\urge_sleep.cpp">
      <Filter>源文件\functionality\basic</Filter>
    </ClCompile>
  </ItemGroup>
  <ItemGroup>
    <ClInclude Include="src\APPINFO.h">
      <Filter>头文件</Filter>
    </ClInclude>
    <ClInclude Include="Robot_Beryl_fun.h">
      <Filter>头文件</Filter>
    </ClInclude>
    <ClInclude Include="util\GroupQQ_act_count.h">
      <Filter>源文件\util</Filter>
    </ClInclude>
    <ClInclude Include="util\util.h">
      <Filter>源文件\util</Filter>
    </ClInclude>
    <ClInclude Include="functionality\rage_whole.h">
      <Filter>源文件\functionality\rage</Filter>
    </ClInclude>
    <ClInclude Include="functionality\feedback.h">
      <Filter>源文件\functionality\basic</Filter>
    </ClInclude>
    <ClInclude Include="functionality\only_being_at.h">
      <Filter>源文件\functionality\basic</Filter>
    </ClInclude>
    <ClInclude Include="functionality\Admin_cmd.h">
      <Filter>源文件\functionality</Filter>
    </ClInclude>
    <ClInclude Include="functionality\ub_memo_view\store_memo.h">
      <Filter>源文件\functionality\ub_memo_view</Filter>
    </ClInclude>
    <ClInclude Include="functionality\ub_memo_view\search_song_whole.h">
      <Filter>源文件\functionality\ub_memo_view</Filter>
    </ClInclude>
    <ClInclude Include="functionality\basic\random_fortunes.h">
      <Filter>源文件\functionality\basic</Filter>
    </ClInclude>
    <ClInclude Include="util\functionality.h">
      <Filter>头文件</Filter>
    </ClInclude>
    <ClInclude Include="functionality\urge_sleep.h">
      <Filter>源文件\functionality\basic</Filter>
    </ClInclude>
  </ItemGroup>
  <ItemGroup>
    <None Include="com.cqp.NachtgeistW.Beryl.json" />
  </ItemGroup>
</Project>